
Microsoft Visual Studio Solution File, Format Version 12.00
# Visual Studio Version 16
VisualStudioVersion = 16.0.33328.57
MinimumVisualStudioVersion = 10.0.40219.1
Project("{FAE04EC0-301F-11D3-BF4B-00C04F79EFBC}") = "20230322_homeWork_seating", "20230322_homeWork_seating.csproj", "{EFC68949-6FD8-4E0E-8406-96F4D90700FB}"
EndProject
Global
	GlobalSection(SolutionConfigurationPlatforms) = preSolution
		Debug|Any CPU = Debug|Any CPU
		Release|Any CPU = Release|Any CPU
	EndGlobalSection
	GlobalSection(ProjectConfigurationPlatforms) = postSolution
		{EFC68949-6FD8-4E0E-8406-96F4D90700FB}.Debug|Any CPU.ActiveCfg = Debug|Any CPU
		{EFC68949-6FD8-4E0E-8406-96F4D90700FB}.Debug|Any CPU.Build.0 = Debug|Any CPU
		{EFC68949-6FD8-4E0E-8406-96F4D90700FB}.Release|Any CPU.ActiveCfg = Release|Any CPU
		{EFC68949-6FD8-4E0E-8406-96F4D90700FB}.Release|Any CPU.Build.0 = Release|Any CPU
	EndGlobalSection
	GlobalSection(SolutionProperties) = preSolution
		HideSolutionNode = FALSE
	EndGlobalSection
	GlobalSection(ExtensibilityGlobals) = postSolution
		SolutionGuid = {A2E210C4-86FE-4D44-AF0B-140BFC34E0EC}
	EndGlobalSection
EndGlobal
