
Microsoft Visual Studio Solution File, Format Version 12.00
# Visual Studio Version 16
VisualStudioVersion = 16.0.33328.57
MinimumVisualStudioVersion = 10.0.40219.1
Project("{FAE04EC0-301F-11D3-BF4B-00C04F79EFBC}") = "20230327_homeWork_classmates", "20230327_homeWork_classmates.csproj", "{44F38EBD-2768-4C44-B62E-007E893D9B32}"
EndProject
Global
	GlobalSection(SolutionConfigurationPlatforms) = preSolution
		Debug|Any CPU = Debug|Any CPU
		Release|Any CPU = Release|Any CPU
	EndGlobalSection
	GlobalSection(ProjectConfigurationPlatforms) = postSolution
		{44F38EBD-2768-4C44-B62E-007E893D9B32}.Debug|Any CPU.ActiveCfg = Debug|Any CPU
		{44F38EBD-2768-4C44-B62E-007E893D9B32}.Debug|Any CPU.Build.0 = Debug|Any CPU
		{44F38EBD-2768-4C44-B62E-007E893D9B32}.Release|Any CPU.ActiveCfg = Release|Any CPU
		{44F38EBD-2768-4C44-B62E-007E893D9B32}.Release|Any CPU.Build.0 = Release|Any CPU
	EndGlobalSection
	GlobalSection(SolutionProperties) = preSolution
		HideSolutionNode = FALSE
	EndGlobalSection
	GlobalSection(ExtensibilityGlobals) = postSolution
		SolutionGuid = {6835A88E-6F25-4F41-8992-53EEFDB4BE06}
	EndGlobalSection
EndGlobal
