
Microsoft Visual Studio Solution File, Format Version 12.00
# Visual Studio Version 16
VisualStudioVersion = 16.0.33328.57
MinimumVisualStudioVersion = 10.0.40219.1
Project("{FAE04EC0-301F-11D3-BF4B-00C04F79EFBC}") = "20230316_homeWork_diamond", "20230316_homeWork_diamond.csproj", "{9CF9E43D-57AC-421F-8DE6-57FFEAD036E2}"
EndProject
Global
	GlobalSection(SolutionConfigurationPlatforms) = preSolution
		Debug|Any CPU = Debug|Any CPU
		Release|Any CPU = Release|Any CPU
	EndGlobalSection
	GlobalSection(ProjectConfigurationPlatforms) = postSolution
		{9CF9E43D-57AC-421F-8DE6-57FFEAD036E2}.Debug|Any CPU.ActiveCfg = Debug|Any CPU
		{9CF9E43D-57AC-421F-8DE6-57FFEAD036E2}.Debug|Any CPU.Build.0 = Debug|Any CPU
		{9CF9E43D-57AC-421F-8DE6-57FFEAD036E2}.Release|Any CPU.ActiveCfg = Release|Any CPU
		{9CF9E43D-57AC-421F-8DE6-57FFEAD036E2}.Release|Any CPU.Build.0 = Release|Any CPU
	EndGlobalSection
	GlobalSection(SolutionProperties) = preSolution
		HideSolutionNode = FALSE
	EndGlobalSection
	GlobalSection(ExtensibilityGlobals) = postSolution
		SolutionGuid = {8C37211A-C1C8-48AB-9B86-5D3DE1A5252A}
	EndGlobalSection
EndGlobal
