
Microsoft Visual Studio Solution File, Format Version 12.00
# Visual Studio Version 16
VisualStudioVersion = 16.0.33328.57
MinimumVisualStudioVersion = 10.0.40219.1
Project("{FAE04EC0-301F-11D3-BF4B-00C04F79EFBC}") = "20230321_homeWork_reverseString", "20230321_homeWork_reverseString.csproj", "{6A925062-EC14-48B9-A0E1-4EC38D0FE08B}"
EndProject
Global
	GlobalSection(SolutionConfigurationPlatforms) = preSolution
		Debug|Any CPU = Debug|Any CPU
		Release|Any CPU = Release|Any CPU
	EndGlobalSection
	GlobalSection(ProjectConfigurationPlatforms) = postSolution
		{6A925062-EC14-48B9-A0E1-4EC38D0FE08B}.Debug|Any CPU.ActiveCfg = Debug|Any CPU
		{6A925062-EC14-48B9-A0E1-4EC38D0FE08B}.Debug|Any CPU.Build.0 = Debug|Any CPU
		{6A925062-EC14-48B9-A0E1-4EC38D0FE08B}.Release|Any CPU.ActiveCfg = Release|Any CPU
		{6A925062-EC14-48B9-A0E1-4EC38D0FE08B}.Release|Any CPU.Build.0 = Release|Any CPU
	EndGlobalSection
	GlobalSection(SolutionProperties) = preSolution
		HideSolutionNode = FALSE
	EndGlobalSection
	GlobalSection(ExtensibilityGlobals) = postSolution
		SolutionGuid = {47EF5522-B50F-4BA2-A04D-8B8AAD0012EB}
	EndGlobalSection
EndGlobal
