
Microsoft Visual Studio Solution File, Format Version 12.00
# Visual Studio Version 16
VisualStudioVersion = 16.0.33328.57
MinimumVisualStudioVersion = 10.0.40219.1
Project("{FAE04EC0-301F-11D3-BF4B-00C04F79EFBC}") = "20230317_homeWork_numBaseball", "20230317_homeWork_numBaseball.csproj", "{23988332-CC0C-4C78-B64B-B1ADA3CA7F52}"
EndProject
Global
	GlobalSection(SolutionConfigurationPlatforms) = preSolution
		Debug|Any CPU = Debug|Any CPU
		Release|Any CPU = Release|Any CPU
	EndGlobalSection
	GlobalSection(ProjectConfigurationPlatforms) = postSolution
		{23988332-CC0C-4C78-B64B-B1ADA3CA7F52}.Debug|Any CPU.ActiveCfg = Debug|Any CPU
		{23988332-CC0C-4C78-B64B-B1ADA3CA7F52}.Debug|Any CPU.Build.0 = Debug|Any CPU
		{23988332-CC0C-4C78-B64B-B1ADA3CA7F52}.Release|Any CPU.ActiveCfg = Release|Any CPU
		{23988332-CC0C-4C78-B64B-B1ADA3CA7F52}.Release|Any CPU.Build.0 = Release|Any CPU
	EndGlobalSection
	GlobalSection(SolutionProperties) = preSolution
		HideSolutionNode = FALSE
	EndGlobalSection
	GlobalSection(ExtensibilityGlobals) = postSolution
		SolutionGuid = {BDD44D13-4AED-403E-983A-7FABE3F6E7D5}
	EndGlobalSection
EndGlobal
