
Microsoft Visual Studio Solution File, Format Version 12.00
# Visual Studio Version 16
VisualStudioVersion = 16.0.33328.57
MinimumVisualStudioVersion = 10.0.40219.1
Project("{FAE04EC0-301F-11D3-BF4B-00C04F79EFBC}") = "20230314_1", "20230314_1.csproj", "{0E8764E7-75AC-421F-8F0B-3F9AEB92A406}"
EndProject
Global
	GlobalSection(SolutionConfigurationPlatforms) = preSolution
		Debug|Any CPU = Debug|Any CPU
		Release|Any CPU = Release|Any CPU
	EndGlobalSection
	GlobalSection(ProjectConfigurationPlatforms) = postSolution
		{0E8764E7-75AC-421F-8F0B-3F9AEB92A406}.Debug|Any CPU.ActiveCfg = Debug|Any CPU
		{0E8764E7-75AC-421F-8F0B-3F9AEB92A406}.Debug|Any CPU.Build.0 = Debug|Any CPU
		{0E8764E7-75AC-421F-8F0B-3F9AEB92A406}.Release|Any CPU.ActiveCfg = Release|Any CPU
		{0E8764E7-75AC-421F-8F0B-3F9AEB92A406}.Release|Any CPU.Build.0 = Release|Any CPU
	EndGlobalSection
	GlobalSection(SolutionProperties) = preSolution
		HideSolutionNode = FALSE
	EndGlobalSection
	GlobalSection(ExtensibilityGlobals) = postSolution
		SolutionGuid = {F2CDFA7A-55DF-41FB-8097-D3FB58ED2F20}
	EndGlobalSection
EndGlobal
